
Microsoft Visual Studio Solution File, Format Version 12.00
# Visual Studio Version 17
VisualStudioVersion = 17.0.31903.59
MinimumVisualStudioVersion = 10.0.40219.1
Project("{2150E333-8FDC-42A3-9474-1A3956D46DE8}") = "src", "src", "{BA8A587D-C744-49A4-8CAE-CA123020DE1C}"
EndProject
Project("{FAE04EC0-301F-11D3-BF4B-00C04F79EFBC}") = "Homepage", "src\Homepage\Homepage.csproj", "{8C00AEA7-C711-4DE5-B6E2-1A914825B659}"
EndProject
Project("{FAE04EC0-301F-11D3-BF4B-00C04F79EFBC}") = "Homepage.Common", "src\Homepage.Common\Homepage.Common.csproj", "{3C430379-01BA-4A80-A83C-4C48BAAF3275}"
EndProject
Global
	GlobalSection(SolutionConfigurationPlatforms) = preSolution
		Debug|Any CPU = Debug|Any CPU
		Release|Any CPU = Release|Any CPU
	EndGlobalSection
	GlobalSection(SolutionProperties) = preSolution
		HideSolutionNode = FALSE
	EndGlobalSection
	GlobalSection(ProjectConfigurationPlatforms) = postSolution
		{8C00AEA7-C711-4DE5-B6E2-1A914825B659}.Debug|Any CPU.ActiveCfg = Debug|Any CPU
		{8C00AEA7-C711-4DE5-B6E2-1A914825B659}.Debug|Any CPU.Build.0 = Debug|Any CPU
		{8C00AEA7-C711-4DE5-B6E2-1A914825B659}.Release|Any CPU.ActiveCfg = Release|Any CPU
		{8C00AEA7-C711-4DE5-B6E2-1A914825B659}.Release|Any CPU.Build.0 = Release|Any CPU
		{3C430379-01BA-4A80-A83C-4C48BAAF3275}.Debug|Any CPU.ActiveCfg = Debug|Any CPU
		{3C430379-01BA-4A80-A83C-4C48BAAF3275}.Debug|Any CPU.Build.0 = Debug|Any CPU
		{3C430379-01BA-4A80-A83C-4C48BAAF3275}.Release|Any CPU.ActiveCfg = Release|Any CPU
		{3C430379-01BA-4A80-A83C-4C48BAAF3275}.Release|Any CPU.Build.0 = Release|Any CPU
	EndGlobalSection
	GlobalSection(NestedProjects) = preSolution
		{8C00AEA7-C711-4DE5-B6E2-1A914825B659} = {BA8A587D-C744-49A4-8CAE-CA123020DE1C}
		{3C430379-01BA-4A80-A83C-4C48BAAF3275} = {BA8A587D-C744-49A4-8CAE-CA123020DE1C}
	EndGlobalSection
EndGlobal
