
Microsoft Visual Studio Solution File, Format Version 12.00
# Visual Studio Version 18
VisualStudioVersion = 18.6.11716.218
MinimumVisualStudioVersion = 10.0.40219.1
Project("{2150E333-8FDC-42A3-9474-1A3956D46DE8}") = "Docs", "Docs", "{02EA681E-C7D8-13C7-8484-4AC65E1B71E8}"
	ProjectSection(SolutionItems) = preProject
		docs\toc.yml = docs\toc.yml
	EndProjectSection
EndProject
Project("{2150E333-8FDC-42A3-9474-1A3956D46DE8}") = "about", "about", "{D44C57A9-B739-4F72-9C0A-D3691B97F35F}"
	ProjectSection(SolutionItems) = preProject
		docs\about\toc.yml = docs\about\toc.yml
	EndProjectSection
EndProject
Project("{2150E333-8FDC-42A3-9474-1A3956D46DE8}") = "concepts", "concepts", "{A1D5A423-A071-4D8B-985E-DD2C9A6A6DC2}"
	ProjectSection(SolutionItems) = preProject
		docs\concepts\philosophy.md = docs\concepts\philosophy.md
		docs\concepts\toc.yml = docs\concepts\toc.yml
		docs\guides\setup.md = docs\guides\setup.md
		docs\guides\toc.yml = docs\guides\toc.yml
		docs\reference\toc.yml = docs\reference\toc.yml
	EndProjectSection
EndProject
Project("{2150E333-8FDC-42A3-9474-1A3956D46DE8}") = "src", "src", "{827E0CD3-B72D-47B6-A68D-7590B98EB39B}"
EndProject
Project("{FAE04EC0-301F-11D3-BF4B-00C04F79EFBC}") = "SaosHub.Blazor", "src\SaosHub.Blazor\SaosHub.Blazor.csproj", "{060CB5CF-CD94-E6DD-4159-6466C23364CD}"
EndProject
Global
	GlobalSection(SolutionConfigurationPlatforms) = preSolution
		Debug|Any CPU = Debug|Any CPU
		Debug|x64 = Debug|x64
		Debug|x86 = Debug|x86
		Release|Any CPU = Release|Any CPU
		Release|x64 = Release|x64
		Release|x86 = Release|x86
	EndGlobalSection
	GlobalSection(ProjectConfigurationPlatforms) = postSolution
		{060CB5CF-CD94-E6DD-4159-6466C23364CD}.Debug|Any CPU.ActiveCfg = Debug|Any CPU
		{060CB5CF-CD94-E6DD-4159-6466C23364CD}.Debug|Any CPU.Build.0 = Debug|Any CPU
		{060CB5CF-CD94-E6DD-4159-6466C23364CD}.Debug|x64.ActiveCfg = Debug|Any CPU
		{060CB5CF-CD94-E6DD-4159-6466C23364CD}.Debug|x64.Build.0 = Debug|Any CPU
		{060CB5CF-CD94-E6DD-4159-6466C23364CD}.Debug|x86.ActiveCfg = Debug|Any CPU
		{060CB5CF-CD94-E6DD-4159-6466C23364CD}.Debug|x86.Build.0 = Debug|Any CPU
		{060CB5CF-CD94-E6DD-4159-6466C23364CD}.Release|Any CPU.ActiveCfg = Release|Any CPU
		{060CB5CF-CD94-E6DD-4159-6466C23364CD}.Release|Any CPU.Build.0 = Release|Any CPU
		{060CB5CF-CD94-E6DD-4159-6466C23364CD}.Release|x64.ActiveCfg = Release|Any CPU
		{060CB5CF-CD94-E6DD-4159-6466C23364CD}.Release|x64.Build.0 = Release|Any CPU
		{060CB5CF-CD94-E6DD-4159-6466C23364CD}.Release|x86.ActiveCfg = Release|Any CPU
		{060CB5CF-CD94-E6DD-4159-6466C23364CD}.Release|x86.Build.0 = Release|Any CPU
	EndGlobalSection
	GlobalSection(SolutionProperties) = preSolution
		HideSolutionNode = FALSE
	EndGlobalSection
	GlobalSection(NestedProjects) = preSolution
		{D44C57A9-B739-4F72-9C0A-D3691B97F35F} = {02EA681E-C7D8-13C7-8484-4AC65E1B71E8}
		{A1D5A423-A071-4D8B-985E-DD2C9A6A6DC2} = {02EA681E-C7D8-13C7-8484-4AC65E1B71E8}
		{060CB5CF-CD94-E6DD-4159-6466C23364CD} = {827E0CD3-B72D-47B6-A68D-7590B98EB39B}
	EndGlobalSection
	GlobalSection(ExtensibilityGlobals) = postSolution
		SolutionGuid = {F0F628E6-391A-491F-91E3-5F2F0EECF2AF}
	EndGlobalSection
EndGlobal
