
Microsoft Visual Studio Solution File, Format Version 12.00
# Visual Studio Version 18
VisualStudioVersion = 18.6.11716.218
MinimumVisualStudioVersion = 10.0.40219.1
Project("{2150E333-8FDC-42A3-9474-1A3956D46DE8}") = "Docs", "Docs", "{02EA681E-C7D8-13C7-8484-4AC65E1B71E8}"
	ProjectSection(SolutionItems) = preProject
		docs\toc.yml = docs\toc.yml
	EndProjectSection
EndProject
Project("{2150E333-8FDC-42A3-9474-1A3956D46DE8}") = "about", "about", "{D44C57A9-B739-4F72-9C0A-D3691B97F35F}"
	ProjectSection(SolutionItems) = preProject
		docs\about\toc.yml = docs\about\toc.yml
	EndProjectSection
EndProject
Project("{2150E333-8FDC-42A3-9474-1A3956D46DE8}") = "concepts", "concepts", "{A1D5A423-A071-4D8B-985E-DD2C9A6A6DC2}"
	ProjectSection(SolutionItems) = preProject
		docs\concepts\philosophy.md = docs\concepts\philosophy.md
		docs\concepts\toc.yml = docs\concepts\toc.yml
		docs\guides\setup.md = docs\guides\setup.md
		docs\guides\toc.yml = docs\guides\toc.yml
		docs\reference\toc.yml = docs\reference\toc.yml
	EndProjectSection
EndProject
Project("{2150E333-8FDC-42A3-9474-1A3956D46DE8}") = "src", "src", "{827E0CD3-B72D-47B6-A68D-7590B98EB39B}"
EndProject
Project("{2150E333-8FDC-42A3-9474-1A3956D46DE8}") = "Core", "Core", "{8D626EA8-CB54-BC41-363A-217881BEBA6E}"
EndProject
Project("{FAE04EC0-301F-11D3-BF4B-00C04F79EFBC}") = "Saos.Core", "src\Core\Saos.Core.csproj", "{B494AF95-9F17-4FE8-83DA-00CBCA117272}"
EndProject
Project("{2150E333-8FDC-42A3-9474-1A3956D46DE8}") = "Z0", "Z0", "{075A81FC-43CA-D2CA-8907-A4ACBA5D3468}"
EndProject
Project("{FAE04EC0-301F-11D3-BF4B-00C04F79EFBC}") = "Saos.Z0.Kernel", "src\Z0\Saos.Z0.Kernel.csproj", "{4AE48C25-5AF0-47DD-B5F9-5BB7F3E17638}"
EndProject
Project("{2150E333-8FDC-42A3-9474-1A3956D46DE8}") = "Z3", "Z3", "{704A1771-41DD-CF08-7A90-D9B1A1006EC8}"
EndProject
Project("{FAE04EC0-301F-11D3-BF4B-00C04F79EFBC}") = "Saos.Z3.Manifest", "src\Z3\Saos.Z3.Manifest.csproj", "{ACDBC078-740F-4633-B0DE-53A8C74A8A21}"
EndProject
Project("{2150E333-8FDC-42A3-9474-1A3956D46DE8}") = "Z4", "Z4", "{93E8468D-49ED-3AF9-FD4C-0E5791AA46EC}"
EndProject
Project("{FAE04EC0-301F-11D3-BF4B-00C04F79EFBC}") = "Saos.Z4.Policy", "src\Z4\Saos.Z4.Policy.csproj", "{D025D5B0-2FFC-4090-B836-325CE07B24D8}"
EndProject
Project("{2150E333-8FDC-42A3-9474-1A3956D46DE8}") = "Storage", "Storage", "{75755999-07F8-FCE1-5291-0A39D3ADE9A7}"
EndProject
Project("{FAE04EC0-301F-11D3-BF4B-00C04F79EFBC}") = "Saos.Storage", "src\Storage\Saos.Storage.csproj", "{174396C4-D2CB-4C2F-A768-08BF75785583}"
EndProject
Project("{2150E333-8FDC-42A3-9474-1A3956D46DE8}") = "tests", "tests", "{0AB3BF05-4346-4AA6-1389-037BE0695223}"
EndProject
Project("{FAE04EC0-301F-11D3-BF4B-00C04F79EFBC}") = "Saos.Kernel.Tests", "tests\Saos.Kernel.Tests\Saos.Kernel.Tests.csproj", "{D34D213D-51F1-4AE9-85FC-05CD73EDB0D9}"
EndProject
Global
	GlobalSection(SolutionConfigurationPlatforms) = preSolution
		Debug|Any CPU = Debug|Any CPU
		Debug|x64 = Debug|x64
		Debug|x86 = Debug|x86
		Release|Any CPU = Release|Any CPU
		Release|x64 = Release|x64
		Release|x86 = Release|x86
	EndGlobalSection
	GlobalSection(ProjectConfigurationPlatforms) = postSolution
		{B494AF95-9F17-4FE8-83DA-00CBCA117272}.Debug|Any CPU.ActiveCfg = Debug|Any CPU
		{B494AF95-9F17-4FE8-83DA-00CBCA117272}.Debug|Any CPU.Build.0 = Debug|Any CPU
		{B494AF95-9F17-4FE8-83DA-00CBCA117272}.Debug|x64.ActiveCfg = Debug|Any CPU
		{B494AF95-9F17-4FE8-83DA-00CBCA117272}.Debug|x64.Build.0 = Debug|Any CPU
		{B494AF95-9F17-4FE8-83DA-00CBCA117272}.Debug|x86.ActiveCfg = Debug|Any CPU
		{B494AF95-9F17-4FE8-83DA-00CBCA117272}.Debug|x86.Build.0 = Debug|Any CPU
		{B494AF95-9F17-4FE8-83DA-00CBCA117272}.Release|Any CPU.ActiveCfg = Release|Any CPU
		{B494AF95-9F17-4FE8-83DA-00CBCA117272}.Release|Any CPU.Build.0 = Release|Any CPU
		{B494AF95-9F17-4FE8-83DA-00CBCA117272}.Release|x64.ActiveCfg = Release|Any CPU
		{B494AF95-9F17-4FE8-83DA-00CBCA117272}.Release|x64.Build.0 = Release|Any CPU
		{B494AF95-9F17-4FE8-83DA-00CBCA117272}.Release|x86.ActiveCfg = Release|Any CPU
		{B494AF95-9F17-4FE8-83DA-00CBCA117272}.Release|x86.Build.0 = Release|Any CPU
		{4AE48C25-5AF0-47DD-B5F9-5BB7F3E17638}.Debug|Any CPU.ActiveCfg = Debug|Any CPU
		{4AE48C25-5AF0-47DD-B5F9-5BB7F3E17638}.Debug|Any CPU.Build.0 = Debug|Any CPU
		{4AE48C25-5AF0-47DD-B5F9-5BB7F3E17638}.Debug|x64.ActiveCfg = Debug|Any CPU
		{4AE48C25-5AF0-47DD-B5F9-5BB7F3E17638}.Debug|x64.Build.0 = Debug|Any CPU
		{4AE48C25-5AF0-47DD-B5F9-5BB7F3E17638}.Debug|x86.ActiveCfg = Debug|Any CPU
		{4AE48C25-5AF0-47DD-B5F9-5BB7F3E17638}.Debug|x86.Build.0 = Debug|Any CPU
		{4AE48C25-5AF0-47DD-B5F9-5BB7F3E17638}.Release|Any CPU.ActiveCfg = Release|Any CPU
		{4AE48C25-5AF0-47DD-B5F9-5BB7F3E17638}.Release|Any CPU.Build.0 = Release|Any CPU
		{4AE48C25-5AF0-47DD-B5F9-5BB7F3E17638}.Release|x64.ActiveCfg = Release|Any CPU
		{4AE48C25-5AF0-47DD-B5F9-5BB7F3E17638}.Release|x64.Build.0 = Release|Any CPU
		{4AE48C25-5AF0-47DD-B5F9-5BB7F3E17638}.Release|x86.ActiveCfg = Release|Any CPU
		{4AE48C25-5AF0-47DD-B5F9-5BB7F3E17638}.Release|x86.Build.0 = Release|Any CPU
		{ACDBC078-740F-4633-B0DE-53A8C74A8A21}.Debug|Any CPU.ActiveCfg = Debug|Any CPU
		{ACDBC078-740F-4633-B0DE-53A8C74A8A21}.Debug|Any CPU.Build.0 = Debug|Any CPU
		{ACDBC078-740F-4633-B0DE-53A8C74A8A21}.Debug|x64.ActiveCfg = Debug|Any CPU
		{ACDBC078-740F-4633-B0DE-53A8C74A8A21}.Debug|x64.Build.0 = Debug|Any CPU
		{ACDBC078-740F-4633-B0DE-53A8C74A8A21}.Debug|x86.ActiveCfg = Debug|Any CPU
		{ACDBC078-740F-4633-B0DE-53A8C74A8A21}.Debug|x86.Build.0 = Debug|Any CPU
		{ACDBC078-740F-4633-B0DE-53A8C74A8A21}.Release|Any CPU.ActiveCfg = Release|Any CPU
		{ACDBC078-740F-4633-B0DE-53A8C74A8A21}.Release|Any CPU.Build.0 = Release|Any CPU
		{ACDBC078-740F-4633-B0DE-53A8C74A8A21}.Release|x64.ActiveCfg = Release|Any CPU
		{ACDBC078-740F-4633-B0DE-53A8C74A8A21}.Release|x64.Build.0 = Release|Any CPU
		{ACDBC078-740F-4633-B0DE-53A8C74A8A21}.Release|x86.ActiveCfg = Release|Any CPU
		{ACDBC078-740F-4633-B0DE-53A8C74A8A21}.Release|x86.Build.0 = Release|Any CPU
		{D025D5B0-2FFC-4090-B836-325CE07B24D8}.Debug|Any CPU.ActiveCfg = Debug|Any CPU
		{D025D5B0-2FFC-4090-B836-325CE07B24D8}.Debug|Any CPU.Build.0 = Debug|Any CPU
		{D025D5B0-2FFC-4090-B836-325CE07B24D8}.Debug|x64.ActiveCfg = Debug|Any CPU
		{D025D5B0-2FFC-4090-B836-325CE07B24D8}.Debug|x64.Build.0 = Debug|Any CPU
		{D025D5B0-2FFC-4090-B836-325CE07B24D8}.Debug|x86.ActiveCfg = Debug|Any CPU
		{D025D5B0-2FFC-4090-B836-325CE07B24D8}.Debug|x86.Build.0 = Debug|Any CPU
		{D025D5B0-2FFC-4090-B836-325CE07B24D8}.Release|Any CPU.ActiveCfg = Release|Any CPU
		{D025D5B0-2FFC-4090-B836-325CE07B24D8}.Release|Any CPU.Build.0 = Release|Any CPU
		{D025D5B0-2FFC-4090-B836-325CE07B24D8}.Release|x64.ActiveCfg = Release|Any CPU
		{D025D5B0-2FFC-4090-B836-325CE07B24D8}.Release|x64.Build.0 = Release|Any CPU
		{D025D5B0-2FFC-4090-B836-325CE07B24D8}.Release|x86.ActiveCfg = Release|Any CPU
		{D025D5B0-2FFC-4090-B836-325CE07B24D8}.Release|x86.Build.0 = Release|Any CPU
		{174396C4-D2CB-4C2F-A768-08BF75785583}.Debug|Any CPU.ActiveCfg = Debug|Any CPU
		{174396C4-D2CB-4C2F-A768-08BF75785583}.Debug|Any CPU.Build.0 = Debug|Any CPU
		{174396C4-D2CB-4C2F-A768-08BF75785583}.Debug|x64.ActiveCfg = Debug|Any CPU
		{174396C4-D2CB-4C2F-A768-08BF75785583}.Debug|x64.Build.0 = Debug|Any CPU
		{174396C4-D2CB-4C2F-A768-08BF75785583}.Debug|x86.ActiveCfg = Debug|Any CPU
		{174396C4-D2CB-4C2F-A768-08BF75785583}.Debug|x86.Build.0 = Debug|Any CPU
		{174396C4-D2CB-4C2F-A768-08BF75785583}.Release|Any CPU.ActiveCfg = Release|Any CPU
		{174396C4-D2CB-4C2F-A768-08BF75785583}.Release|Any CPU.Build.0 = Release|Any CPU
		{174396C4-D2CB-4C2F-A768-08BF75785583}.Release|x64.ActiveCfg = Release|Any CPU
		{174396C4-D2CB-4C2F-A768-08BF75785583}.Release|x64.Build.0 = Release|Any CPU
		{174396C4-D2CB-4C2F-A768-08BF75785583}.Release|x86.ActiveCfg = Release|Any CPU
		{174396C4-D2CB-4C2F-A768-08BF75785583}.Release|x86.Build.0 = Release|Any CPU
		{D34D213D-51F1-4AE9-85FC-05CD73EDB0D9}.Debug|Any CPU.ActiveCfg = Debug|Any CPU
		{D34D213D-51F1-4AE9-85FC-05CD73EDB0D9}.Debug|Any CPU.Build.0 = Debug|Any CPU
		{D34D213D-51F1-4AE9-85FC-05CD73EDB0D9}.Debug|x64.ActiveCfg = Debug|Any CPU
		{D34D213D-51F1-4AE9-85FC-05CD73EDB0D9}.Debug|x64.Build.0 = Debug|Any CPU
		{D34D213D-51F1-4AE9-85FC-05CD73EDB0D9}.Debug|x86.ActiveCfg = Debug|Any CPU
		{D34D213D-51F1-4AE9-85FC-05CD73EDB0D9}.Debug|x86.Build.0 = Debug|Any CPU
		{D34D213D-51F1-4AE9-85FC-05CD73EDB0D9}.Release|Any CPU.ActiveCfg = Release|Any CPU
		{D34D213D-51F1-4AE9-85FC-05CD73EDB0D9}.Release|Any CPU.Build.0 = Release|Any CPU
		{D34D213D-51F1-4AE9-85FC-05CD73EDB0D9}.Release|x64.ActiveCfg = Release|Any CPU
		{D34D213D-51F1-4AE9-85FC-05CD73EDB0D9}.Release|x64.Build.0 = Release|Any CPU
		{D34D213D-51F1-4AE9-85FC-05CD73EDB0D9}.Release|x86.ActiveCfg = Release|Any CPU
		{D34D213D-51F1-4AE9-85FC-05CD73EDB0D9}.Release|x86.Build.0 = Release|Any CPU
	EndGlobalSection
	GlobalSection(SolutionProperties) = preSolution
		HideSolutionNode = FALSE
	EndGlobalSection
	GlobalSection(NestedProjects) = preSolution
		{D44C57A9-B739-4F72-9C0A-D3691B97F35F} = {02EA681E-C7D8-13C7-8484-4AC65E1B71E8}
		{A1D5A423-A071-4D8B-985E-DD2C9A6A6DC2} = {02EA681E-C7D8-13C7-8484-4AC65E1B71E8}
		{8D626EA8-CB54-BC41-363A-217881BEBA6E} = {827E0CD3-B72D-47B6-A68D-7590B98EB39B}
		{B494AF95-9F17-4FE8-83DA-00CBCA117272} = {8D626EA8-CB54-BC41-363A-217881BEBA6E}
		{075A81FC-43CA-D2CA-8907-A4ACBA5D3468} = {827E0CD3-B72D-47B6-A68D-7590B98EB39B}
		{4AE48C25-5AF0-47DD-B5F9-5BB7F3E17638} = {075A81FC-43CA-D2CA-8907-A4ACBA5D3468}
		{704A1771-41DD-CF08-7A90-D9B1A1006EC8} = {827E0CD3-B72D-47B6-A68D-7590B98EB39B}
		{ACDBC078-740F-4633-B0DE-53A8C74A8A21} = {704A1771-41DD-CF08-7A90-D9B1A1006EC8}
		{93E8468D-49ED-3AF9-FD4C-0E5791AA46EC} = {827E0CD3-B72D-47B6-A68D-7590B98EB39B}
		{D025D5B0-2FFC-4090-B836-325CE07B24D8} = {93E8468D-49ED-3AF9-FD4C-0E5791AA46EC}
		{75755999-07F8-FCE1-5291-0A39D3ADE9A7} = {827E0CD3-B72D-47B6-A68D-7590B98EB39B}
		{174396C4-D2CB-4C2F-A768-08BF75785583} = {75755999-07F8-FCE1-5291-0A39D3ADE9A7}
		{D34D213D-51F1-4AE9-85FC-05CD73EDB0D9} = {0AB3BF05-4346-4AA6-1389-037BE0695223}
	EndGlobalSection
	GlobalSection(ExtensibilityGlobals) = postSolution
		SolutionGuid = {F0F628E6-391A-491F-91E3-5F2F0EECF2AF}
	EndGlobalSection
EndGlobal
